
Microsoft Visual Studio Solution File, Format Version 12.00
# Visual Studio Version 16
VisualStudioVersion = 16.0.30804.86
MinimumVisualStudioVersion = 10.0.40219.1
Project("{9A19103F-16F7-4668-BE54-9A1E7A4F7556}") = "CSRO.Client.Blazor.WebApp", "CSRO.Client.Blazor.WebApp\CSRO.Client.Blazor.WebApp.csproj", "{5CE9C603-94F0-4933-8F11-08212D63A40D}"
EndProject
Project("{2150E333-8FDC-42A3-9474-1A3956D46DE8}") = "Server", "Server", "{CABDC83A-65A6-402A-91B6-A6A5514E0D51}"
EndProject
Project("{9A19103F-16F7-4668-BE54-9A1E7A4F7556}") = "CSRO.Server.Api", "CSRO.Server.Api\CSRO.Server.Api.csproj", "{6598C403-10AF-4D5E-8D07-B7750E8C5EFE}"
EndProject
Project("{2150E333-8FDC-42A3-9474-1A3956D46DE8}") = "Shared", "Shared", "{16E59730-A536-4874-9FB7-26F1DCD8CA4C}"
EndProject
Project("{9A19103F-16F7-4668-BE54-9A1E7A4F7556}") = "CSRO.Server.Infrastructure", "CSRO.Server.Infrastructure\CSRO.Server.Infrastructure.csproj", "{EF1584F5-B0D7-406D-8531-3E3B0BABE869}"
EndProject
Project("{9A19103F-16F7-4668-BE54-9A1E7A4F7556}") = "CSRO.Server.Domain", "CSRO.Server.Domain\CSRO.Server.Domain.csproj", "{EF99DF60-B314-4116-A135-5C6BCF356F25}"
EndProject
Project("{9A19103F-16F7-4668-BE54-9A1E7A4F7556}") = "CSRO.Server.Entities", "CSRO.Server.Entities\CSRO.Server.Entities.csproj", "{3C70C54D-E405-4CD7-BA88-9D9CB5CE8AB4}"
EndProject
Project("{9A19103F-16F7-4668-BE54-9A1E7A4F7556}") = "CSRO.Server.Services", "CSRO.Server.Services\CSRO.Server.Services.csproj", "{9033E5C1-2111-4D7F-88A0-0943E9307475}"
EndProject
Project("{9A19103F-16F7-4668-BE54-9A1E7A4F7556}") = "CSRO.Client.Services", "CSRO.Client.Services\CSRO.Client.Services.csproj", "{43D7B4C0-FA3C-488E-AD36-52A5642FB365}"
EndProject
Project("{2150E333-8FDC-42A3-9474-1A3956D46DE8}") = "Client", "Client", "{367B81C5-E686-4957-A968-6665CFE049CE}"
EndProject
Project("{2150E333-8FDC-42A3-9474-1A3956D46DE8}") = "Solution Items", "Solution Items", "{AAE48BDD-2F9B-4A5B-B845-CE4740C8AE13}"
	ProjectSection(SolutionItems) = preProject
		SetupCache.txt = SetupCache.txt
	EndProjectSection
EndProject
Project("{9A19103F-16F7-4668-BE54-9A1E7A4F7556}") = "CSRO.Client.Core", "CSRO.Client.Core\CSRO.Client.Core.csproj", "{D0F0BCAB-B0A6-4F1E-AEEA-A4F6C6EE03E6}"
EndProject
Project("{9A19103F-16F7-4668-BE54-9A1E7A4F7556}") = "CSRO.Server.Core", "CSRO.Server.Core\CSRO.Server.Core.csproj", "{50115512-8EF8-4CC7-B7AB-9EE7A33830B4}"
EndProject
Project("{9A19103F-16F7-4668-BE54-9A1E7A4F7556}") = "CSRO.Client.Blazor.UI", "CSRO.Client.Blazor.UI\CSRO.Client.Blazor.UI.csproj", "{062EDF44-796B-4F58-8EBA-0A5E19CBDA7B}"
EndProject
Project("{2150E333-8FDC-42A3-9474-1A3956D46DE8}") = "Common", "Common", "{F1718260-95F7-45D8-A9F1-0BF01E712A43}"
EndProject
Project("{9A19103F-16F7-4668-BE54-9A1E7A4F7556}") = "CSRO.Common.AzureSdkServices", "CSRO.Common.AzureSdkServices\CSRO.Common.AzureSdkServices.csproj", "{138E5221-FA6A-455A-B778-C1A26431EB24}"
EndProject
Project("{2150E333-8FDC-42A3-9474-1A3956D46DE8}") = "Ado", "Ado", "{D76E37B0-F043-48AB-B579-8AE6E289E9E4}"
EndProject
Project("{9A19103F-16F7-4668-BE54-9A1E7A4F7556}") = "CSRO.Server.Ado.Api", "Server\Ado\CSRO.Server.Ado.Api\CSRO.Server.Ado.Api.csproj", "{3DEE3391-4189-4F3F-81AC-909714340B97}"
EndProject
Project("{9A19103F-16F7-4668-BE54-9A1E7A4F7556}") = "CSRO.Common.AdoServices", "Common\CSRO.Common.AdoServices\CSRO.Common.AdoServices.csproj", "{5E6B402A-93B9-444B-B2C3-5DF0A1C9B079}"
EndProject
Project("{FAE04EC0-301F-11D3-BF4B-00C04F79EFBC}") = "CSRO.Common", "Common\CSRO.Common\CSRO.Common.csproj", "{D3E80681-8CF6-4B55-A7C6-722187DD7091}"
EndProject
Global
	GlobalSection(SolutionConfigurationPlatforms) = preSolution
		Debug|Any CPU = Debug|Any CPU
		Release|Any CPU = Release|Any CPU
	EndGlobalSection
	GlobalSection(ProjectConfigurationPlatforms) = postSolution
		{5CE9C603-94F0-4933-8F11-08212D63A40D}.Debug|Any CPU.ActiveCfg = Debug|Any CPU
		{5CE9C603-94F0-4933-8F11-08212D63A40D}.Debug|Any CPU.Build.0 = Debug|Any CPU
		{5CE9C603-94F0-4933-8F11-08212D63A40D}.Release|Any CPU.ActiveCfg = Release|Any CPU
		{5CE9C603-94F0-4933-8F11-08212D63A40D}.Release|Any CPU.Build.0 = Release|Any CPU
		{6598C403-10AF-4D5E-8D07-B7750E8C5EFE}.Debug|Any CPU.ActiveCfg = Debug|Any CPU
		{6598C403-10AF-4D5E-8D07-B7750E8C5EFE}.Debug|Any CPU.Build.0 = Debug|Any CPU
		{6598C403-10AF-4D5E-8D07-B7750E8C5EFE}.Release|Any CPU.ActiveCfg = Release|Any CPU
		{6598C403-10AF-4D5E-8D07-B7750E8C5EFE}.Release|Any CPU.Build.0 = Release|Any CPU
		{EF1584F5-B0D7-406D-8531-3E3B0BABE869}.Debug|Any CPU.ActiveCfg = Debug|Any CPU
		{EF1584F5-B0D7-406D-8531-3E3B0BABE869}.Debug|Any CPU.Build.0 = Debug|Any CPU
		{EF1584F5-B0D7-406D-8531-3E3B0BABE869}.Release|Any CPU.ActiveCfg = Release|Any CPU
		{EF1584F5-B0D7-406D-8531-3E3B0BABE869}.Release|Any CPU.Build.0 = Release|Any CPU
		{EF99DF60-B314-4116-A135-5C6BCF356F25}.Debug|Any CPU.ActiveCfg = Debug|Any CPU
		{EF99DF60-B314-4116-A135-5C6BCF356F25}.Debug|Any CPU.Build.0 = Debug|Any CPU
		{EF99DF60-B314-4116-A135-5C6BCF356F25}.Release|Any CPU.ActiveCfg = Release|Any CPU
		{EF99DF60-B314-4116-A135-5C6BCF356F25}.Release|Any CPU.Build.0 = Release|Any CPU
		{3C70C54D-E405-4CD7-BA88-9D9CB5CE8AB4}.Debug|Any CPU.ActiveCfg = Debug|Any CPU
		{3C70C54D-E405-4CD7-BA88-9D9CB5CE8AB4}.Debug|Any CPU.Build.0 = Debug|Any CPU
		{3C70C54D-E405-4CD7-BA88-9D9CB5CE8AB4}.Release|Any CPU.ActiveCfg = Release|Any CPU
		{3C70C54D-E405-4CD7-BA88-9D9CB5CE8AB4}.Release|Any CPU.Build.0 = Release|Any CPU
		{9033E5C1-2111-4D7F-88A0-0943E9307475}.Debug|Any CPU.ActiveCfg = Debug|Any CPU
		{9033E5C1-2111-4D7F-88A0-0943E9307475}.Debug|Any CPU.Build.0 = Debug|Any CPU
		{9033E5C1-2111-4D7F-88A0-0943E9307475}.Release|Any CPU.ActiveCfg = Release|Any CPU
		{9033E5C1-2111-4D7F-88A0-0943E9307475}.Release|Any CPU.Build.0 = Release|Any CPU
		{43D7B4C0-FA3C-488E-AD36-52A5642FB365}.Debug|Any CPU.ActiveCfg = Debug|Any CPU
		{43D7B4C0-FA3C-488E-AD36-52A5642FB365}.Debug|Any CPU.Build.0 = Debug|Any CPU
		{43D7B4C0-FA3C-488E-AD36-52A5642FB365}.Release|Any CPU.ActiveCfg = Release|Any CPU
		{43D7B4C0-FA3C-488E-AD36-52A5642FB365}.Release|Any CPU.Build.0 = Release|Any CPU
		{D0F0BCAB-B0A6-4F1E-AEEA-A4F6C6EE03E6}.Debug|Any CPU.ActiveCfg = Debug|Any CPU
		{D0F0BCAB-B0A6-4F1E-AEEA-A4F6C6EE03E6}.Debug|Any CPU.Build.0 = Debug|Any CPU
		{D0F0BCAB-B0A6-4F1E-AEEA-A4F6C6EE03E6}.Release|Any CPU.ActiveCfg = Release|Any CPU
		{D0F0BCAB-B0A6-4F1E-AEEA-A4F6C6EE03E6}.Release|Any CPU.Build.0 = Release|Any CPU
		{50115512-8EF8-4CC7-B7AB-9EE7A33830B4}.Debug|Any CPU.ActiveCfg = Debug|Any CPU
		{50115512-8EF8-4CC7-B7AB-9EE7A33830B4}.Debug|Any CPU.Build.0 = Debug|Any CPU
		{50115512-8EF8-4CC7-B7AB-9EE7A33830B4}.Release|Any CPU.ActiveCfg = Release|Any CPU
		{50115512-8EF8-4CC7-B7AB-9EE7A33830B4}.Release|Any CPU.Build.0 = Release|Any CPU
		{062EDF44-796B-4F58-8EBA-0A5E19CBDA7B}.Debug|Any CPU.ActiveCfg = Debug|Any CPU
		{062EDF44-796B-4F58-8EBA-0A5E19CBDA7B}.Debug|Any CPU.Build.0 = Debug|Any CPU
		{062EDF44-796B-4F58-8EBA-0A5E19CBDA7B}.Release|Any CPU.ActiveCfg = Release|Any CPU
		{062EDF44-796B-4F58-8EBA-0A5E19CBDA7B}.Release|Any CPU.Build.0 = Release|Any CPU
		{138E5221-FA6A-455A-B778-C1A26431EB24}.Debug|Any CPU.ActiveCfg = Debug|Any CPU
		{138E5221-FA6A-455A-B778-C1A26431EB24}.Debug|Any CPU.Build.0 = Debug|Any CPU
		{138E5221-FA6A-455A-B778-C1A26431EB24}.Release|Any CPU.ActiveCfg = Release|Any CPU
		{138E5221-FA6A-455A-B778-C1A26431EB24}.Release|Any CPU.Build.0 = Release|Any CPU
		{3DEE3391-4189-4F3F-81AC-909714340B97}.Debug|Any CPU.ActiveCfg = Debug|Any CPU
		{3DEE3391-4189-4F3F-81AC-909714340B97}.Debug|Any CPU.Build.0 = Debug|Any CPU
		{3DEE3391-4189-4F3F-81AC-909714340B97}.Release|Any CPU.ActiveCfg = Release|Any CPU
		{3DEE3391-4189-4F3F-81AC-909714340B97}.Release|Any CPU.Build.0 = Release|Any CPU
		{5E6B402A-93B9-444B-B2C3-5DF0A1C9B079}.Debug|Any CPU.ActiveCfg = Debug|Any CPU
		{5E6B402A-93B9-444B-B2C3-5DF0A1C9B079}.Debug|Any CPU.Build.0 = Debug|Any CPU
		{5E6B402A-93B9-444B-B2C3-5DF0A1C9B079}.Release|Any CPU.ActiveCfg = Release|Any CPU
		{5E6B402A-93B9-444B-B2C3-5DF0A1C9B079}.Release|Any CPU.Build.0 = Release|Any CPU
		{D3E80681-8CF6-4B55-A7C6-722187DD7091}.Debug|Any CPU.ActiveCfg = Debug|Any CPU
		{D3E80681-8CF6-4B55-A7C6-722187DD7091}.Debug|Any CPU.Build.0 = Debug|Any CPU
		{D3E80681-8CF6-4B55-A7C6-722187DD7091}.Release|Any CPU.ActiveCfg = Release|Any CPU
		{D3E80681-8CF6-4B55-A7C6-722187DD7091}.Release|Any CPU.Build.0 = Release|Any CPU
	EndGlobalSection
	GlobalSection(SolutionProperties) = preSolution
		HideSolutionNode = FALSE
	EndGlobalSection
	GlobalSection(NestedProjects) = preSolution
		{5CE9C603-94F0-4933-8F11-08212D63A40D} = {367B81C5-E686-4957-A968-6665CFE049CE}
		{6598C403-10AF-4D5E-8D07-B7750E8C5EFE} = {CABDC83A-65A6-402A-91B6-A6A5514E0D51}
		{16E59730-A536-4874-9FB7-26F1DCD8CA4C} = {CABDC83A-65A6-402A-91B6-A6A5514E0D51}
		{EF1584F5-B0D7-406D-8531-3E3B0BABE869} = {16E59730-A536-4874-9FB7-26F1DCD8CA4C}
		{EF99DF60-B314-4116-A135-5C6BCF356F25} = {16E59730-A536-4874-9FB7-26F1DCD8CA4C}
		{3C70C54D-E405-4CD7-BA88-9D9CB5CE8AB4} = {16E59730-A536-4874-9FB7-26F1DCD8CA4C}
		{9033E5C1-2111-4D7F-88A0-0943E9307475} = {16E59730-A536-4874-9FB7-26F1DCD8CA4C}
		{43D7B4C0-FA3C-488E-AD36-52A5642FB365} = {367B81C5-E686-4957-A968-6665CFE049CE}
		{D0F0BCAB-B0A6-4F1E-AEEA-A4F6C6EE03E6} = {367B81C5-E686-4957-A968-6665CFE049CE}
		{50115512-8EF8-4CC7-B7AB-9EE7A33830B4} = {16E59730-A536-4874-9FB7-26F1DCD8CA4C}
		{062EDF44-796B-4F58-8EBA-0A5E19CBDA7B} = {367B81C5-E686-4957-A968-6665CFE049CE}
		{138E5221-FA6A-455A-B778-C1A26431EB24} = {F1718260-95F7-45D8-A9F1-0BF01E712A43}
		{D76E37B0-F043-48AB-B579-8AE6E289E9E4} = {CABDC83A-65A6-402A-91B6-A6A5514E0D51}
		{3DEE3391-4189-4F3F-81AC-909714340B97} = {D76E37B0-F043-48AB-B579-8AE6E289E9E4}
		{5E6B402A-93B9-444B-B2C3-5DF0A1C9B079} = {F1718260-95F7-45D8-A9F1-0BF01E712A43}
		{D3E80681-8CF6-4B55-A7C6-722187DD7091} = {F1718260-95F7-45D8-A9F1-0BF01E712A43}
	EndGlobalSection
	GlobalSection(ExtensibilityGlobals) = postSolution
		SolutionGuid = {CA7579FF-7D13-4011-86BB-89683A0D4067}
	EndGlobalSection
EndGlobal
